{
  "requires": true,
  "lockfileVersion": 1,
  "dependencies": {
    "commander": {
      "version": "0.6.1",
      "resolved": "https://registry.npmjs.org/commander/-/commander-0.6.1.tgz",
      "integrity": "sha512-0fLycpl1UMTGX257hRsu/arL/cUbcvQM4zMKwvLvzXtfdezIV4yotPS2dYtknF+NmEfWSoCEF6+hj9XLm/6hEw=="
    },
    "touch-cli": {
      "version": "0.0.1",
      "resolved": "https://registry.npmjs.org/touch-cli/-/touch-cli-0.0.1.tgz",
      "integrity": "sha1-YYd2SrVU5Uoj32jrtAJTiK97/0k=",
      "requires": {
        "commander": "0.6.1"
      }
    }
  }
}
